
Microsoft Visual Studio Solution File, Format Version 12.00
# Visual Studio 14
VisualStudioVersion = 14.0.25420.1
MinimumVisualStudioVersion = 10.0.40219.1
Project("{FAE04EC0-301F-11D3-BF4B-00C04F79EFBC}") = "PowerPing", "src\PowerPing.Net45\PowerPing.csproj", "{11872751-7592-42AE-9E9F-DBA96E1FC2D3}"
EndProject
Project("{2150E333-8FDC-42A3-9474-1A3956D46DE8}") = "Solution Items", "Solution Items", "{3A8D89A7-733B-4B99-8F3C-F47B720058B4}"
	ProjectSection(SolutionItems) = preProject
		Performance1.psess = Performance1.psess
		PerformanceTests.psess = PerformanceTests.psess
	EndProjectSection
EndProject
Project("{FAE04EC0-301F-11D3-BF4B-00C04F79EFBC}") = "PowerPing.Tests", "src\PowerPing.Tests\PowerPing.Tests.csproj", "{5EEAA537-AC11-498E-91AE-ECBCEED91255}"
EndProject
Global
	GlobalSection(SolutionConfigurationPlatforms) = preSolution
		Debug|Any CPU = Debug|Any CPU
		Debug|x64 = Debug|x64
		Debug|x86 = Debug|x86
		Release|Any CPU = Release|Any CPU
		Release|x64 = Release|x64
		Release|x86 = Release|x86
	EndGlobalSection
	GlobalSection(ProjectConfigurationPlatforms) = postSolution
		{11872751-7592-42AE-9E9F-DBA96E1FC2D3}.Debug|Any CPU.ActiveCfg = Debug|Any CPU
		{11872751-7592-42AE-9E9F-DBA96E1FC2D3}.Debug|Any CPU.Build.0 = Debug|Any CPU
		{11872751-7592-42AE-9E9F-DBA96E1FC2D3}.Debug|x64.ActiveCfg = Debug|Any CPU
		{11872751-7592-42AE-9E9F-DBA96E1FC2D3}.Debug|x64.Build.0 = Debug|Any CPU
		{11872751-7592-42AE-9E9F-DBA96E1FC2D3}.Debug|x86.ActiveCfg = Release|x64
		{11872751-7592-42AE-9E9F-DBA96E1FC2D3}.Debug|x86.Build.0 = Release|x64
		{11872751-7592-42AE-9E9F-DBA96E1FC2D3}.Release|Any CPU.ActiveCfg = Release|Any CPU
		{11872751-7592-42AE-9E9F-DBA96E1FC2D3}.Release|Any CPU.Build.0 = Release|Any CPU
		{11872751-7592-42AE-9E9F-DBA96E1FC2D3}.Release|x64.ActiveCfg = Release|x64
		{11872751-7592-42AE-9E9F-DBA96E1FC2D3}.Release|x64.Build.0 = Release|x64
		{11872751-7592-42AE-9E9F-DBA96E1FC2D3}.Release|x86.ActiveCfg = Release|x86
		{11872751-7592-42AE-9E9F-DBA96E1FC2D3}.Release|x86.Build.0 = Release|x86
		{5EEAA537-AC11-498E-91AE-ECBCEED91255}.Debug|Any CPU.ActiveCfg = Debug|Any CPU
		{5EEAA537-AC11-498E-91AE-ECBCEED91255}.Debug|Any CPU.Build.0 = Debug|Any CPU
		{5EEAA537-AC11-498E-91AE-ECBCEED91255}.Debug|x64.ActiveCfg = Debug|Any CPU
		{5EEAA537-AC11-498E-91AE-ECBCEED91255}.Debug|x64.Build.0 = Debug|Any CPU
		{5EEAA537-AC11-498E-91AE-ECBCEED91255}.Debug|x86.ActiveCfg = Debug|Any CPU
		{5EEAA537-AC11-498E-91AE-ECBCEED91255}.Debug|x86.Build.0 = Debug|Any CPU
		{5EEAA537-AC11-498E-91AE-ECBCEED91255}.Release|Any CPU.ActiveCfg = Release|Any CPU
		{5EEAA537-AC11-498E-91AE-ECBCEED91255}.Release|Any CPU.Build.0 = Release|Any CPU
		{5EEAA537-AC11-498E-91AE-ECBCEED91255}.Release|x64.ActiveCfg = Release|Any CPU
		{5EEAA537-AC11-498E-91AE-ECBCEED91255}.Release|x64.Build.0 = Release|Any CPU
		{5EEAA537-AC11-498E-91AE-ECBCEED91255}.Release|x86.ActiveCfg = Release|Any CPU
		{5EEAA537-AC11-498E-91AE-ECBCEED91255}.Release|x86.Build.0 = Release|Any CPU
	EndGlobalSection
	GlobalSection(SolutionProperties) = preSolution
		HideSolutionNode = FALSE
	EndGlobalSection
EndGlobal
